// !$*UTF8*$!
{
	archiveVersion = 1;
	classes = {
	};
	objectVersion = 50;
	objects = {

/* Begin PBXBuildFile section */
		4CCD5F0223DA9D9B00C02451 /* movies.json in Resources */ = {isa = PBXBuildFile; fileRef = 4CCD5F0123DA9D9B00C02451 /* movies.json */; };
		4CCD5F0523DAA6DA00C02451 /* MyHttp.swift in Sources */ = {isa = PBXBuildFile; fileRef = 4CCD5F0423DAA6DA00C02451 /* MyHttp.swift */; };
		4CCD5F0823DAAA0500C02451 /* MovielistCell.swift in Sources */ = {isa = PBXBuildFile; fileRef = 4CCD5F0723DAAA0500C02451 /* MovielistCell.swift */; };
		4CCD5F0B23DAE70F00C02451 /* Movie.swift in Sources */ = {isa = PBXBuildFile; fileRef = 4CCD5F0A23DAE70F00C02451 /* Movie.swift */; };
		4CCD5F0D23DAED8800C02451 /* RatePopupController.swift in Sources */ = {isa = PBXBuildFile; fileRef = 4CCD5F0C23DAED8800C02451 /* RatePopupController.swift */; };
		4CCD5F0F23DAFB7C00C02451 /* DialogBuilder.swift in Sources */ = {isa = PBXBuildFile; fileRef = 4CCD5F0E23DAFB7C00C02451 /* DialogBuilder.swift */; };
		7A5AB95423DA12DF00A3BA22 /* AppDelegate.swift in Sources */ = {isa = PBXBuildFile; fileRef = 7A5AB95323DA12DF00A3BA22 /* AppDelegate.swift */; };
		7A5AB95623DA12DF00A3BA22 /* ViewController.swift in Sources */ = {isa = PBXBuildFile; fileRef = 7A5AB95523DA12DF00A3BA22 /* ViewController.swift */; };
		7A5AB95923DA12E000A3BA22 /* Main.storyboard in Resources */ = {isa = PBXBuildFile; fileRef = 7A5AB95723DA12DF00A3BA22 /* Main.storyboard */; };
		7A5AB95B23DA12FF00A3BA22 /* Assets.xcassets in Resources */ = {isa = PBXBuildFile; fileRef = 7A5AB95A23DA12FF00A3BA22 /* Assets.xcassets */; };
		7A5AB95E23DA12FF00A3BA22 /* LaunchScreen.storyboard in Resources */ = {isa = PBXBuildFile; fileRef = 7A5AB95C23DA12FF00A3BA22 /* LaunchScreen.storyboard */; };
		7A5AB96923DA12FF00A3BA22 /* Rate_MoviesTests.swift in Sources */ = {isa = PBXBuildFile; fileRef = 7A5AB96823DA12FF00A3BA22 /* Rate_MoviesTests.swift */; };
		7A5AB97423DA130000A3BA22 /* Rate_MoviesUITests.swift in Sources */ = {isa = PBXBuildFile; fileRef = 7A5AB97323DA130000A3BA22 /* Rate_MoviesUITests.swift */; };
/* End PBXBuildFile section */

/* Begin PBXContainerItemProxy section */
		7A5AB96523DA12FF00A3BA22 /* PBXContainerItemProxy */ = {
			isa = PBXContainerItemProxy;
			containerPortal = 7A5AB94823DA12DF00A3BA22 /* Project object */;
			proxyType = 1;
			remoteGlobalIDString = 7A5AB94F23DA12DF00A3BA22;
			remoteInfo = "Rate Movies";
		};
		7A5AB97023DA12FF00A3BA22 /* PBXContainerItemProxy */ = {
			isa = PBXContainerItemProxy;
			containerPortal = 7A5AB94823DA12DF00A3BA22 /* Project object */;
			proxyType = 1;
			remoteGlobalIDString = 7A5AB94F23DA12DF00A3BA22;
			remoteInfo = "Rate Movies";
		};
/* End PBXContainerItemProxy section */

/* Begin PBXFileReference section */
		4CCD5F0123DA9D9B00C02451 /* movies.json */ = {isa = PBXFileReference; lastKnownFileType = text.json; path = movies.json; sourceTree = "<group>"; xcLanguageSpecificationIdentifier = xcode.lang.json; };
		4CCD5F0423DAA6DA00C02451 /* MyHttp.swift */ = {isa = PBXFileReference; lastKnownFileType = sourcecode.swift; path = MyHttp.swift; sourceTree = "<group>"; };
		4CCD5F0723DAAA0500C02451 /* MovielistCell.swift */ = {isa = PBXFileReference; lastKnownFileType = sourcecode.swift; path = MovielistCell.swift; sourceTree = "<group>"; };
		4CCD5F0A23DAE70F00C02451 /* Movie.swift */ = {isa = PBXFileReference; lastKnownFileType = sourcecode.swift; path = Movie.swift; sourceTree = "<group>"; };
		4CCD5F0C23DAED8800C02451 /* RatePopupController.swift */ = {isa = PBXFileReference; lastKnownFileType = sourcecode.swift; path = RatePopupController.swift; sourceTree = "<group>"; };
		4CCD5F0E23DAFB7C00C02451 /* DialogBuilder.swift */ = {isa = PBXFileReference; lastKnownFileType = sourcecode.swift; path = DialogBuilder.swift; sourceTree = "<group>"; };
		7A5AB95023DA12DF00A3BA22 /* Rate Movies.app */ = {isa = PBXFileReference; explicitFileType = wrapper.application; includeInIndex = 0; path = "Rate Movies.app"; sourceTree = BUILT_PRODUCTS_DIR; };
		7A5AB95323DA12DF00A3BA22 /* AppDelegate.swift */ = {isa = PBXFileReference; lastKnownFileType = sourcecode.swift; path = AppDelegate.swift; sourceTree = "<group>"; };
		7A5AB95523DA12DF00A3BA22 /* ViewController.swift */ = {isa = PBXFileReference; lastKnownFileType = sourcecode.swift; path = ViewController.swift; sourceTree = "<group>"; };
		7A5AB95823DA12E000A3BA22 /* Base */ = {isa = PBXFileReference; lastKnownFileType = file.storyboard; name = Base; path = Base.lproj/Main.storyboard; sourceTree = "<group>"; };
		7A5AB95A23DA12FF00A3BA22 /* Assets.xcassets */ = {isa = PBXFileReference; lastKnownFileType = folder.assetcatalog; path = Assets.xcassets; sourceTree = "<group>"; };
		7A5AB95D23DA12FF00A3BA22 /* Base */ = {isa = PBXFileReference; lastKnownFileType = file.storyboard; name = Base; path = Base.lproj/LaunchScreen.storyboard; sourceTree = "<group>"; };
		7A5AB95F23DA12FF00A3BA22 /* Info.plist */ = {isa = PBXFileReference; lastKnownFileType = text.plist.xml; path = Info.plist; sourceTree = "<group>"; };
		7A5AB96423DA12FF00A3BA22 /* Rate MoviesTests.xctest */ = {isa = PBXFileReference; explicitFileType = wrapper.cfbundle; includeInIndex = 0; path = "Rate MoviesTests.xctest"; sourceTree = BUILT_PRODUCTS_DIR; };
		7A5AB96823DA12FF00A3BA22 /* Rate_MoviesTests.swift */ = {isa = PBXFileReference; lastKnownFileType = sourcecode.swift; path = Rate_MoviesTests.swift; sourceTree = "<group>"; };
		7A5AB96A23DA12FF00A3BA22 /* Info.plist */ = {isa = PBXFileReference; lastKnownFileType = text.plist.xml; path = Info.plist; sourceTree = "<group>"; };
		7A5AB96F23DA12FF00A3BA22 /* Rate MoviesUITests.xctest */ = {isa = PBXFileReference; explicitFileType = wrapper.cfbundle; includeInIndex = 0; path = "Rate MoviesUITests.xctest"; sourceTree = BUILT_PRODUCTS_DIR; };
		7A5AB97323DA130000A3BA22 /* Rate_MoviesUITests.swift */ = {isa = PBXFileReference; lastKnownFileType = sourcecode.swift; path = Rate_MoviesUITests.swift; sourceTree = "<group>"; };
		7A5AB97523DA130000A3BA22 /* Info.plist */ = {isa = PBXFileReference; lastKnownFileType = text.plist.xml; path = Info.plist; sourceTree = "<group>"; };
/* End PBXFileReference section */

/* Begin PBXFrameworksBuildPhase section */
		7A5AB94D23DA12DF00A3BA22 /* Frameworks */ = {
			isa = PBXFrameworksBuildPhase;
			buildActionMask = 2147483647;
			files = (
			);
			runOnlyForDeploymentPostprocessing = 0;
		};
		7A5AB96123DA12FF00A3BA22 /* Frameworks */ = {
			isa = PBXFrameworksBuildPhase;
			buildActionMask = 2147483647;
			files = (
			);
			runOnlyForDeploymentPostprocessing = 0;
		};
		7A5AB96C23DA12FF00A3BA22 /* Frameworks */ = {
			isa = PBXFrameworksBuildPhase;
			buildActionMask = 2147483647;
			files = (
			);
			runOnlyForDeploymentPostprocessing = 0;
		};
/* End PBXFrameworksBuildPhase section */

/* Begin PBXGroup section */
		4CCD5F0323DAA6C800C02451 /* Utils */ = {
			isa = PBXGroup;
			children = (
				4CCD5F0423DAA6DA00C02451 /* MyHttp.swift */,
				4CCD5F0E23DAFB7C00C02451 /* DialogBuilder.swift */,
			);
			path = Utils;
			sourceTree = "<group>";
		};
		4CCD5F0623DAA9DF00C02451 /* TableCells */ = {
			isa = PBXGroup;
			children = (
				4CCD5F0723DAAA0500C02451 /* MovielistCell.swift */,
			);
			path = TableCells;
			sourceTree = "<group>";
		};
		4CCD5F0923DAE6F800C02451 /* Models */ = {
			isa = PBXGroup;
			children = (
				4CCD5F0A23DAE70F00C02451 /* Movie.swift */,
			);
			path = Models;
			sourceTree = "<group>";
		};
		7A0C5C4623DB333D00D762BA /* ViewControllers */ = {
			isa = PBXGroup;
			children = (
				4CCD5F0C23DAED8800C02451 /* RatePopupController.swift */,
				7A5AB95523DA12DF00A3BA22 /* ViewController.swift */,
			);
			path = ViewControllers;
			sourceTree = "<group>";
		};
		7A5AB94723DA12DF00A3BA22 = {
			isa = PBXGroup;
			children = (
				7A5AB95223DA12DF00A3BA22 /* Rate Movies */,
				7A5AB96723DA12FF00A3BA22 /* Rate MoviesTests */,
				7A5AB97223DA12FF00A3BA22 /* Rate MoviesUITests */,
				7A5AB95123DA12DF00A3BA22 /* Products */,
			);
			sourceTree = "<group>";
		};
		7A5AB95123DA12DF00A3BA22 /* Products */ = {
			isa = PBXGroup;
			children = (
				7A5AB95023DA12DF00A3BA22 /* Rate Movies.app */,
				7A5AB96423DA12FF00A3BA22 /* Rate MoviesTests.xctest */,
				7A5AB96F23DA12FF00A3BA22 /* Rate MoviesUITests.xctest */,
			);
			name = Products;
			sourceTree = "<group>";
		};
		7A5AB95223DA12DF00A3BA22 /* Rate Movies */ = {
			isa = PBXGroup;
			children = (
				7A0C5C4623DB333D00D762BA /* ViewControllers */,
				4CCD5F0923DAE6F800C02451 /* Models */,
				4CCD5F0623DAA9DF00C02451 /* TableCells */,
				4CCD5F0323DAA6C800C02451 /* Utils */,
				7A5AB95323DA12DF00A3BA22 /* AppDelegate.swift */,
				7A5AB95723DA12DF00A3BA22 /* Main.storyboard */,
				7A5AB95A23DA12FF00A3BA22 /* Assets.xcassets */,
				7A5AB95C23DA12FF00A3BA22 /* LaunchScreen.storyboard */,
				7A5AB95F23DA12FF00A3BA22 /* Info.plist */,
				4CCD5F0123DA9D9B00C02451 /* movies.json */,
			);
			path = "Rate Movies";
			sourceTree = "<group>";
		};
		7A5AB96723DA12FF00A3BA22 /* Rate MoviesTests */ = {
			isa = PBXGroup;
			children = (
				7A5AB96823DA12FF00A3BA22 /* Rate_MoviesTests.swift */,
				7A5AB96A23DA12FF00A3BA22 /* Info.plist */,
			);
			path = "Rate MoviesTests";
			sourceTree = "<group>";
		};
		7A5AB97223DA12FF00A3BA22 /* Rate MoviesUITests */ = {
			isa = PBXGroup;
			children = (
				7A5AB97323DA130000A3BA22 /* Rate_MoviesUITests.swift */,
				7A5AB97523DA130000A3BA22 /* Info.plist */,
			);
			path = "Rate MoviesUITests";
			sourceTree = "<group>";
		};
/* End PBXGroup section */

/* Begin PBXNativeTarget section */
		7A5AB94F23DA12DF00A3BA22 /* Rate Movies */ = {
			isa = PBXNativeTarget;
			buildConfigurationList = 7A5AB97823DA130000A3BA22 /* Build configuration list for PBXNativeTarget "Rate Movies" */;
			buildPhases = (
				7A5AB94C23DA12DF00A3BA22 /* Sources */,
				7A5AB94D23DA12DF00A3BA22 /* Frameworks */,
				7A5AB94E23DA12DF00A3BA22 /* Resources */,
			);
			buildRules = (
			);
			dependencies = (
			);
			name = "Rate Movies";
			productName = "Rate Movies";
			productReference = 7A5AB95023DA12DF00A3BA22 /* Rate Movies.app */;
			productType = "com.apple.product-type.application";
		};
		7A5AB96323DA12FF00A3BA22 /* Rate MoviesTests */ = {
			isa = PBXNativeTarget;
			buildConfigurationList = 7A5AB97B23DA130000A3BA22 /* Build configuration list for PBXNativeTarget "Rate MoviesTests" */;
			buildPhases = (
				7A5AB96023DA12FF00A3BA22 /* Sources */,
				7A5AB96123DA12FF00A3BA22 /* Frameworks */,
				7A5AB96223DA12FF00A3BA22 /* Resources */,
			);
			buildRules = (
			);
			dependencies = (
				7A5AB96623DA12FF00A3BA22 /* PBXTargetDependency */,
			);
			name = "Rate MoviesTests";
			productName = "Rate MoviesTests";
			productReference = 7A5AB96423DA12FF00A3BA22 /* Rate MoviesTests.xctest */;
			productType = "com.apple.product-type.bundle.unit-test";
		};
		7A5AB96E23DA12FF00A3BA22 /* Rate MoviesUITests */ = {
			isa = PBXNativeTarget;
			buildConfigurationList = 7A5AB97E23DA130000A3BA22 /* Build configuration list for PBXNativeTarget "Rate MoviesUITests" */;
			buildPhases = (
				7A5AB96B23DA12FF00A3BA22 /* Sources */,
				7A5AB96C23DA12FF00A3BA22 /* Frameworks */,
				7A5AB96D23DA12FF00A3BA22 /* Resources */,
			);
			buildRules = (
			);
			dependencies = (
				7A5AB97123DA12FF00A3BA22 /* PBXTargetDependency */,
			);
			name = "Rate MoviesUITests";
			productName = "Rate MoviesUITests";
			productReference = 7A5AB96F23DA12FF00A3BA22 /* Rate MoviesUITests.xctest */;
			productType = "com.apple.product-type.bundle.ui-testing";
		};
/* End PBXNativeTarget section */

/* Begin PBXProject section */
		7A5AB94823DA12DF00A3BA22 /* Project object */ = {
			isa = PBXProject;
			attributes = {
				LastSwiftUpdateCheck = 1030;
				LastUpgradeCheck = 1030;
				ORGANIZATIONNAME = "Sudan Suwal";
				TargetAttributes = {
					7A5AB94F23DA12DF00A3BA22 = {
						CreatedOnToolsVersion = 10.3;
					};
					7A5AB96323DA12FF00A3BA22 = {
						CreatedOnToolsVersion = 10.3;
						TestTargetID = 7A5AB94F23DA12DF00A3BA22;
					};
					7A5AB96E23DA12FF00A3BA22 = {
						CreatedOnToolsVersion = 10.3;
						TestTargetID = 7A5AB94F23DA12DF00A3BA22;
					};
				};
			};
			buildConfigurationList = 7A5AB94B23DA12DF00A3BA22 /* Build configuration list for PBXProject "Rate Movies" */;
			compatibilityVersion = "Xcode 9.3";
			developmentRegion = en;
			hasScannedForEncodings = 0;
			knownRegions = (
				en,
				Base,
			);
			mainGroup = 7A5AB94723DA12DF00A3BA22;
			productRefGroup = 7A5AB95123DA12DF00A3BA22 /* Products */;
			projectDirPath = "";
			projectRoot = "";
			targets = (
				7A5AB94F23DA12DF00A3BA22 /* Rate Movies */,
				7A5AB96323DA12FF00A3BA22 /* Rate MoviesTests */,
				7A5AB96E23DA12FF00A3BA22 /* Rate MoviesUITests */,
			);
		};
/* End PBXProject section */

/* Begin PBXResourcesBuildPhase section */
		7A5AB94E23DA12DF00A3BA22 /* Resources */ = {
			isa = PBXResourcesBuildPhase;
			buildActionMask = 2147483647;
			files = (
				7A5AB95E23DA12FF00A3BA22 /* LaunchScreen.storyboard in Resources */,
				7A5AB95B23DA12FF00A3BA22 /* Assets.xcassets in Resources */,
				4CCD5F0223DA9D9B00C02451 /* movies.json in Resources */,
				7A5AB95923DA12E000A3BA22 /* Main.storyboard in Resources */,
			);
			runOnlyForDeploymentPostprocessing = 0;
		};
		7A5AB96223DA12FF00A3BA22 /* Resources */ = {
			isa = PBXResourcesBuildPhase;
			buildActionMask = 2147483647;
			files = (
			);
			runOnlyForDeploymentPostprocessing = 0;
		};
		7A5AB96D23DA12FF00A3BA22 /* Resources */ = {
			isa = PBXResourcesBuildPhase;
			buildActionMask = 2147483647;
			files = (
			);
			runOnlyForDeploymentPostprocessing = 0;
		};
/* End PBXResourcesBuildPhase section */

/* Begin PBXSourcesBuildPhase section */
		7A5AB94C23DA12DF00A3BA22 /* Sources */ = {
			isa = PBXSourcesBuildPhase;
			buildActionMask = 2147483647;
			files = (
				4CCD5F0D23DAED8800C02451 /* RatePopupController.swift in Sources */,
				7A5AB95623DA12DF00A3BA22 /* ViewController.swift in Sources */,
				7A5AB95423DA12DF00A3BA22 /* AppDelegate.swift in Sources */,
				4CCD5F0823DAAA0500C02451 /* MovielistCell.swift in Sources */,
				4CCD5F0523DAA6DA00C02451 /* MyHttp.swift in Sources */,
				4CCD5F0F23DAFB7C00C02451 /* DialogBuilder.swift in Sources */,
				4CCD5F0B23DAE70F00C02451 /* Movie.swift in Sources */,
			);
			runOnlyForDeploymentPostprocessing = 0;
		};
		7A5AB96023DA12FF00A3BA22 /* Sources */ = {
			isa = PBXSourcesBuildPhase;
			buildActionMask = 2147483647;
			files = (
				7A5AB96923DA12FF00A3BA22 /* Rate_MoviesTests.swift in Sources */,
			);
			runOnlyForDeploymentPostprocessing = 0;
		};
		7A5AB96B23DA12FF00A3BA22 /* Sources */ = {
			isa = PBXSourcesBuildPhase;
			buildActionMask = 2147483647;
			files = (
				7A5AB97423DA130000A3BA22 /* Rate_MoviesUITests.swift in Sources */,
			);
			runOnlyForDeploymentPostprocessing = 0;
		};
/* End PBXSourcesBuildPhase section */

/* Begin PBXTargetDependency section */
		7A5AB96623DA12FF00A3BA22 /* PBXTargetDependency */ = {
			isa = PBXTargetDependency;
			target = 7A5AB94F23DA12DF00A3BA22 /* Rate Movies */;
			targetProxy = 7A5AB96523DA12FF00A3BA22 /* PBXContainerItemProxy */;
		};
		7A5AB97123DA12FF00A3BA22 /* PBXTargetDependency */ = {
			isa = PBXTargetDependency;
			target = 7A5AB94F23DA12DF00A3BA22 /* Rate Movies */;
			targetProxy = 7A5AB97023DA12FF00A3BA22 /* PBXContainerItemProxy */;
		};
/* End PBXTargetDependency section */

/* Begin PBXVariantGroup section */
		7A5AB95723DA12DF00A3BA22 /* Main.storyboard */ = {
			isa = PBXVariantGroup;
			children = (
				7A5AB95823DA12E000A3BA22 /* Base */,
			);
			name = Main.storyboard;
			sourceTree = "<group>";
		};
		7A5AB95C23DA12FF00A3BA22 /* LaunchScreen.storyboard */ = {
			isa = PBXVariantGroup;
			children = (
				7A5AB95D23DA12FF00A3BA22 /* Base */,
			);
			name = LaunchScreen.storyboard;
			sourceTree = "<group>";
		};
/* End PBXVariantGroup section */

/* Begin XCBuildConfiguration section */
		7A5AB97623DA130000A3BA22 /* Debug */ = {
			isa = XCBuildConfiguration;
			buildSettings = {
				ALWAYS_SEARCH_USER_PATHS = NO;
				CLANG_ANALYZER_NONNULL = YES;
				CLANG_ANALYZER_NUMBER_OBJECT_CONVERSION = YES_AGGRESSIVE;
				CLANG_CXX_LANGUAGE_STANDARD = "gnu++14";
				CLANG_CXX_LIBRARY = "libc++";
				CLANG_ENABLE_MODULES = YES;
				CLANG_ENABLE_OBJC_ARC = YES;
				CLANG_ENABLE_OBJC_WEAK = YES;
				CLANG_WARN_BLOCK_CAPTURE_AUTORELEASING = YES;
				CLANG_WARN_BOOL_CONVERSION = YES;
				CLANG_WARN_COMMA = YES;
				CLANG_WARN_CONSTANT_CONVERSION = YES;
				CLANG_WARN_DEPRECATED_OBJC_IMPLEMENTATIONS = YES;
				CLANG_WARN_DIRECT_OBJC_ISA_USAGE = YES_ERROR;
				CLANG_WARN_DOCUMENTATION_COMMENTS = YES;
				CLANG_WARN_EMPTY_BODY = YES;
				CLANG_WARN_ENUM_CONVERSION = YES;
				CLANG_WARN_INFINITE_RECURSION = YES;
				CLANG_WARN_INT_CONVERSION = YES;
				CLANG_WARN_NON_LITERAL_NULL_CONVERSION = YES;
				CLANG_WARN_OBJC_IMPLICIT_RETAIN_SELF = YES;
				CLANG_WARN_OBJC_LITERAL_CONVERSION = YES;
				CLANG_WARN_OBJC_ROOT_CLASS = YES_ERROR;
				CLANG_WARN_RANGE_LOOP_ANALYSIS = YES;
				CLANG_WARN_STRICT_PROTOTYPES = YES;
				CLANG_WARN_SUSPICIOUS_MOVE = YES;
				CLANG_WARN_UNGUARDED_AVAILABILITY = YES_AGGRESSIVE;
				CLANG_WARN_UNREACHABLE_CODE = YES;
				CLANG_WARN__DUPLICATE_METHOD_MATCH = YES;
				CODE_SIGN_IDENTITY = "iPhone Developer";
				COPY_PHASE_STRIP = NO;
				DEBUG_INFORMATION_FORMAT = dwarf;
				ENABLE_STRICT_OBJC_MSGSEND = YES;
				ENABLE_TESTABILITY = YES;
				GCC_C_LANGUAGE_STANDARD = gnu11;
				GCC_DYNAMIC_NO_PIC = NO;
				GCC_NO_COMMON_BLOCKS = YES;
				GCC_OPTIMIZATION_LEVEL = 0;
				GCC_PREPROCESSOR_DEFINITIONS = (
					"DEBUG=1",
					"$(inherited)",
				);
				GCC_WARN_64_TO_32_BIT_CONVERSION = YES;
				GCC_WARN_ABOUT_RETURN_TYPE = YES_ERROR;
				GCC_WARN_UNDECLARED_SELECTOR = YES;
				GCC_WARN_UNINITIALIZED_AUTOS = YES_AGGRESSIVE;
				GCC_WARN_UNUSED_FUNCTION = YES;
				GCC_WARN_UNUSED_VARIABLE = YES;
				IPHONEOS_DEPLOYMENT_TARGET = 9.3;
				MTL_ENABLE_DEBUG_INFO = INCLUDE_SOURCE;
				MTL_FAST_MATH = YES;
				ONLY_ACTIVE_ARCH = YES;
				SDKROOT = iphoneos;
				SWIFT_ACTIVE_COMPILATION_CONDITIONS = DEBUG;
				SWIFT_OPTIMIZATION_LEVEL = "-Onone";
			};
			name = Debug;
		};
		7A5AB97723DA130000A3BA22 /* Release */ = {
			isa = XCBuildConfiguration;
			buildSettings = {
				ALWAYS_SEARCH_USER_PATHS = NO;
				CLANG_ANALYZER_NONNULL = YES;
				CLANG_ANALYZER_NUMBER_OBJECT_CONVERSION = YES_AGGRESSIVE;
				CLANG_CXX_LANGUAGE_STANDARD = "gnu++14";
				CLANG_CXX_LIBRARY = "libc++";
				CLANG_ENABLE_MODULES = YES;
				CLANG_ENABLE_OBJC_ARC = YES;
				CLANG_ENABLE_OBJC_WEAK = YES;
				CLANG_WARN_BLOCK_CAPTURE_AUTORELEASING = YES;
				CLANG_WARN_BOOL_CONVERSION = YES;
				CLANG_WARN_COMMA = YES;
				CLANG_WARN_CONSTANT_CONVERSION = YES;
				CLANG_WARN_DEPRECATED_OBJC_IMPLEMENTATIONS = YES;
				CLANG_WARN_DIRECT_OBJC_ISA_USAGE = YES_ERROR;
				CLANG_WARN_DOCUMENTATION_COMMENTS = YES;
				CLANG_WARN_EMPTY_BODY = YES;
				CLANG_WARN_ENUM_CONVERSION = YES;
				CLANG_WARN_INFINITE_RECURSION = YES;
				CLANG_WARN_INT_CONVERSION = YES;
				CLANG_WARN_NON_LITERAL_NULL_CONVERSION = YES;
				CLANG_WARN_OBJC_IMPLICIT_RETAIN_SELF = YES;
				CLANG_WARN_OBJC_LITERAL_CONVERSION = YES;
				CLANG_WARN_OBJC_ROOT_CLASS = YES_ERROR;
				CLANG_WARN_RANGE_LOOP_ANALYSIS = YES;
				CLANG_WARN_STRICT_PROTOTYPES = YES;
				CLANG_WARN_SUSPICIOUS_MOVE = YES;
				CLANG_WARN_UNGUARDED_AVAILABILITY = YES_AGGRESSIVE;
				CLANG_WARN_UNREACHABLE_CODE = YES;
				CLANG_WARN__DUPLICATE_METHOD_MATCH = YES;
				CODE_SIGN_IDENTITY = "iPhone Developer";
				COPY_PHASE_STRIP = NO;
				DEBUG_INFORMATION_FORMAT = "dwarf-with-dsym";
				ENABLE_NS_ASSERTIONS = NO;
				ENABLE_STRICT_OBJC_MSGSEND = YES;
				GCC_C_LANGUAGE_STANDARD = gnu11;
				GCC_NO_COMMON_BLOCKS = YES;
				GCC_WARN_64_TO_32_BIT_CONVERSION = YES;
				GCC_WARN_ABOUT_RETURN_TYPE = YES_ERROR;
				GCC_WARN_UNDECLARED_SELECTOR = YES;
				GCC_WARN_UNINITIALIZED_AUTOS = YES_AGGRESSIVE;
				GCC_WARN_UNUSED_FUNCTION = YES;
				GCC_WARN_UNUSED_VARIABLE = YES;
				IPHONEOS_DEPLOYMENT_TARGET = 9.3;
				MTL_ENABLE_DEBUG_INFO = NO;
				MTL_FAST_MATH = YES;
				SDKROOT = iphoneos;
				SWIFT_COMPILATION_MODE = wholemodule;
				SWIFT_OPTIMIZATION_LEVEL = "-O";
				VALIDATE_PRODUCT = YES;
			};
			name = Release;
		};
		7A5AB97923DA130000A3BA22 /* Debug */ = {
			isa = XCBuildConfiguration;
			buildSettings = {
				ASSETCATALOG_COMPILER_APPICON_NAME = AppIcon;
				CODE_SIGN_STYLE = Automatic;
				DEVELOPMENT_TEAM = 926SAV9N46;
				INFOPLIST_FILE = "Rate Movies/Info.plist";
				LD_RUNPATH_SEARCH_PATHS = (
					"$(inherited)",
					"@executable_path/Frameworks",
				);
				PRODUCT_BUNDLE_IDENTIFIER = "dev.Rate-Movies";
				PRODUCT_NAME = "$(TARGET_NAME)";
				SWIFT_VERSION = 5.0;
				TARGETED_DEVICE_FAMILY = "1,2";
			};
			name = Debug;
		};
		7A5AB97A23DA130000A3BA22 /* Release */ = {
			isa = XCBuildConfiguration;
			buildSettings = {
				ASSETCATALOG_COMPILER_APPICON_NAME = AppIcon;
				CODE_SIGN_STYLE = Automatic;
				DEVELOPMENT_TEAM = 926SAV9N46;
				INFOPLIST_FILE = "Rate Movies/Info.plist";
				LD_RUNPATH_SEARCH_PATHS = (
					"$(inherited)",
					"@executable_path/Frameworks",
				);
				PRODUCT_BUNDLE_IDENTIFIER = "dev.Rate-Movies";
				PRODUCT_NAME = "$(TARGET_NAME)";
				SWIFT_VERSION = 5.0;
				TARGETED_DEVICE_FAMILY = "1,2";
			};
			name = Release;
		};
		7A5AB97C23DA130000A3BA22 /* Debug */ = {
			isa = XCBuildConfiguration;
			buildSettings = {
				ALWAYS_EMBED_SWIFT_STANDARD_LIBRARIES = YES;
				BUNDLE_LOADER = "$(TEST_HOST)";
				CODE_SIGN_STYLE = Automatic;
				INFOPLIST_FILE = "Rate MoviesTests/Info.plist";
				LD_RUNPATH_SEARCH_PATHS = (
					"$(inherited)",
					"@executable_path/Frameworks",
					"@loader_path/Frameworks",
				);
				PRODUCT_BUNDLE_IDENTIFIER = "dev.Rate-MoviesTests";
				PRODUCT_NAME = "$(TARGET_NAME)";
				SWIFT_VERSION = 5.0;
				TARGETED_DEVICE_FAMILY = "1,2";
				TEST_HOST = "$(BUILT_PRODUCTS_DIR)/Rate Movies.app/Rate Movies";
			};
			name = Debug;
		};
		7A5AB97D23DA130000A3BA22 /* Release */ = {
			isa = XCBuildConfiguration;
			buildSettings = {
				ALWAYS_EMBED_SWIFT_STANDARD_LIBRARIES = YES;
				BUNDLE_LOADER = "$(TEST_HOST)";
				CODE_SIGN_STYLE = Automatic;
				INFOPLIST_FILE = "Rate MoviesTests/Info.plist";
				LD_RUNPATH_SEARCH_PATHS = (
					"$(inherited)",
					"@executable_path/Frameworks",
					"@loader_path/Frameworks",
				);
				PRODUCT_BUNDLE_IDENTIFIER = "dev.Rate-MoviesTests";
				PRODUCT_NAME = "$(TARGET_NAME)";
				SWIFT_VERSION = 5.0;
				TARGETED_DEVICE_FAMILY = "1,2";
				TEST_HOST = "$(BUILT_PRODUCTS_DIR)/Rate Movies.app/Rate Movies";
			};
			name = Release;
		};
		7A5AB97F23DA130000A3BA22 /* Debug */ = {
			isa = XCBuildConfiguration;
			buildSettings = {
				ALWAYS_EMBED_SWIFT_STANDARD_LIBRARIES = YES;
				CODE_SIGN_STYLE = Automatic;
				INFOPLIST_FILE = "Rate MoviesUITests/Info.plist";
				LD_RUNPATH_SEARCH_PATHS = (
					"$(inherited)",
					"@executable_path/Frameworks",
					"@loader_path/Frameworks",
				);
				PRODUCT_BUNDLE_IDENTIFIER = "dev.Rate-MoviesUITests";
				PRODUCT_NAME = "$(TARGET_NAME)";
				SWIFT_VERSION = 5.0;
				TARGETED_DEVICE_FAMILY = "1,2";
				TEST_TARGET_NAME = "Rate Movies";
			};
			name = Debug;
		};
		7A5AB98023DA130000A3BA22 /* Release */ = {
			isa = XCBuildConfiguration;
			buildSettings = {
				ALWAYS_EMBED_SWIFT_STANDARD_LIBRARIES = YES;
				CODE_SIGN_STYLE = Automatic;
				INFOPLIST_FILE = "Rate MoviesUITests/Info.plist";
				LD_RUNPATH_SEARCH_PATHS = (
					"$(inherited)",
					"@executable_path/Frameworks",
					"@loader_path/Frameworks",
				);
				PRODUCT_BUNDLE_IDENTIFIER = "dev.Rate-MoviesUITests";
				PRODUCT_NAME = "$(TARGET_NAME)";
				SWIFT_VERSION = 5.0;
				TARGETED_DEVICE_FAMILY = "1,2";
				TEST_TARGET_NAME = "Rate Movies";
			};
			name = Release;
		};
/* End XCBuildConfiguration section */

/* Begin XCConfigurationList section */
		7A5AB94B23DA12DF00A3BA22 /* Build configuration list for PBXProject "Rate Movies" */ = {
			isa = XCConfigurationList;
			buildConfigurations = (
				7A5AB97623DA130000A3BA22 /* Debug */,
				7A5AB97723DA130000A3BA22 /* Release */,
			);
			defaultConfigurationIsVisible = 0;
			defaultConfigurationName = Release;
		};
		7A5AB97823DA130000A3BA22 /* Build configuration list for PBXNativeTarget "Rate Movies" */ = {
			isa = XCConfigurationList;
			buildConfigurations = (
				7A5AB97923DA130000A3BA22 /* Debug */,
				7A5AB97A23DA130000A3BA22 /* Release */,
			);
			defaultConfigurationIsVisible = 0;
			defaultConfigurationName = Release;
		};
		7A5AB97B23DA130000A3BA22 /* Build configuration list for PBXNativeTarget "Rate MoviesTests" */ = {
			isa = XCConfigurationList;
			buildConfigurations = (
				7A5AB97C23DA130000A3BA22 /* Debug */,
				7A5AB97D23DA130000A3BA22 /* Release */,
			);
			defaultConfigurationIsVisible = 0;
			defaultConfigurationName = Release;
		};
		7A5AB97E23DA130000A3BA22 /* Build configuration list for PBXNativeTarget "Rate MoviesUITests" */ = {
			isa = XCConfigurationList;
			buildConfigurations = (
				7A5AB97F23DA130000A3BA22 /* Debug */,
				7A5AB98023DA130000A3BA22 /* Release */,
			);
			defaultConfigurationIsVisible = 0;
			defaultConfigurationName = Release;
		};
/* End XCConfigurationList section */
	};
	rootObject = 7A5AB94823DA12DF00A3BA22 /* Project object */;
}
